
Microsoft Visual Studio Solution File, Format Version 12.00
# Visual Studio 15
VisualStudioVersion = 15.0.28307.136
MinimumVisualStudioVersion = 10.0.40219.1
Project("{FAE04EC0-301F-11D3-BF4B-00C04F79EFBC}") = "ExamenU5-2", "ExamenU5-2\ExamenU5-2.csproj", "{F5A19623-6A24-4B94-88A5-23E96A6CA9E5}"
EndProject
Global
	GlobalSection(SolutionConfigurationPlatforms) = preSolution
		Debug|Any CPU = Debug|Any CPU
		Release|Any CPU = Release|Any CPU
	EndGlobalSection
	GlobalSection(ProjectConfigurationPlatforms) = postSolution
		{F5A19623-6A24-4B94-88A5-23E96A6CA9E5}.Debug|Any CPU.ActiveCfg = Debug|Any CPU
		{F5A19623-6A24-4B94-88A5-23E96A6CA9E5}.Debug|Any CPU.Build.0 = Debug|Any CPU
		{F5A19623-6A24-4B94-88A5-23E96A6CA9E5}.Release|Any CPU.ActiveCfg = Release|Any CPU
		{F5A19623-6A24-4B94-88A5-23E96A6CA9E5}.Release|Any CPU.Build.0 = Release|Any CPU
	EndGlobalSection
	GlobalSection(SolutionProperties) = preSolution
		HideSolutionNode = FALSE
	EndGlobalSection
	GlobalSection(ExtensibilityGlobals) = postSolution
		SolutionGuid = {7ABA322F-8B24-423B-BFA2-EAC985418EF6}
	EndGlobalSection
EndGlobal
